Microsoft Visual Studio Solution File, Format Version 12.00
# Visual Studio Version 17
VisualStudioVersion = 17.14.36623.8
MinimumVisualStudioVersion = 10.0.40219.1
Project("{FAE04EC0-301F-11D3-BF4B-00C04F79EFBC}") = "KafkaOpenTelemetryLogger.AppHost", "KafkaOpenTelemetryLogger.AppHost\KafkaOpenTelemetryLogger.AppHost.csproj", "{706D2A6E-5DDD-4DE0-A52F-6BBC97F580D0}"
EndProject
Project("{FAE04EC0-301F-11D3-BF4B-00C04F79EFBC}") = "KafkaOpenTelemetryLogger.ServiceDefaults", "KafkaOpenTelemetryLogger.ServiceDefaults\KafkaOpenTelemetryLogger.ServiceDefaults.csproj", "{C9E52656-9222-55F4-F486-C4C7A5E811B8}"
EndProject
Project("{FAE04EC0-301F-11D3-BF4B-00C04F79EFBC}") = "KafkaOpenTelemetryLogger.AService", "KafkaOpenTelemetryLogger.AService\KafkaOpenTelemetryLogger.AService.csproj", "{F96E131A-C33A-40B8-A49F-612586DC34BA}"
EndProject
Project("{FAE04EC0-301F-11D3-BF4B-00C04F79EFBC}") = "KafkaOpenTelemetryLogger.BService", "KafkaOpenTelemetryLogger.BService\KafkaOpenTelemetryLogger.BService.csproj", "{68662004-01ED-4BA9-BAD9-5274AF642572}"
EndProject
Global
	GlobalSection(SolutionConfigurationPlatforms) = preSolution
		Debug|Any CPU = Debug|Any CPU
		Release|Any CPU = Release|Any CPU
	EndGlobalSection
	GlobalSection(ProjectConfigurationPlatforms) = postSolution
		{706D2A6E-5DDD-4DE0-A52F-6BBC97F580D0}.Debug|Any CPU.ActiveCfg = Debug|Any CPU
		{706D2A6E-5DDD-4DE0-A52F-6BBC97F580D0}.Debug|Any CPU.Build.0 = Debug|Any CPU
		{706D2A6E-5DDD-4DE0-A52F-6BBC97F580D0}.Release|Any CPU.ActiveCfg = Release|Any CPU
		{706D2A6E-5DDD-4DE0-A52F-6BBC97F580D0}.Release|Any CPU.Build.0 = Release|Any CPU
		{C9E52656-9222-55F4-F486-C4C7A5E811B8}.Debug|Any CPU.ActiveCfg = Debug|Any CPU
		{C9E52656-9222-55F4-F486-C4C7A5E811B8}.Debug|Any CPU.Build.0 = Debug|Any CPU
		{C9E52656-9222-55F4-F486-C4C7A5E811B8}.Release|Any CPU.ActiveCfg = Release|Any CPU
		{C9E52656-9222-55F4-F486-C4C7A5E811B8}.Release|Any CPU.Build.0 = Release|Any CPU
		{F96E131A-C33A-40B8-A49F-612586DC34BA}.Debug|Any CPU.ActiveCfg = Debug|Any CPU
		{F96E131A-C33A-40B8-A49F-612586DC34BA}.Debug|Any CPU.Build.0 = Debug|Any CPU
		{F96E131A-C33A-40B8-A49F-612586DC34BA}.Release|Any CPU.ActiveCfg = Release|Any CPU
		{F96E131A-C33A-40B8-A49F-612586DC34BA}.Release|Any CPU.Build.0 = Release|Any CPU
		{68662004-01ED-4BA9-BAD9-5274AF642572}.Debug|Any CPU.ActiveCfg = Debug|Any CPU
		{68662004-01ED-4BA9-BAD9-5274AF642572}.Debug|Any CPU.Build.0 = Debug|Any CPU
		{68662004-01ED-4BA9-BAD9-5274AF642572}.Release|Any CPU.ActiveCfg = Release|Any CPU
		{68662004-01ED-4BA9-BAD9-5274AF642572}.Release|Any CPU.Build.0 = Release|Any CPU
	EndGlobalSection
	GlobalSection(SolutionProperties) = preSolution
		HideSolutionNode = FALSE
	EndGlobalSection
	GlobalSection(ExtensibilityGlobals) = postSolution
		SolutionGuid = {8DE333AB-10E3-4DFF-9708-EB073072627C}
	EndGlobalSection
EndGlobal
